
Microsoft Visual Studio Solution File, Format Version 12.00
# Visual Studio Version 17
VisualStudioVersion = 17.4.33205.214
MinimumVisualStudioVersion = 10.0.40219.1
Project("{FAE04EC0-301F-11D3-BF4B-00C04F79EFBC}") = "SourXSpamFreeGUISRC", "SourXSpamFreeGUISRC.csproj", "{618DDC60-A30A-4496-B728-067B534763C6}"
EndProject
Global
	GlobalSection(SolutionConfigurationPlatforms) = preSolution
		Debug|Any CPU = Debug|Any CPU
		Release|Any CPU = Release|Any CPU
	EndGlobalSection
	GlobalSection(ProjectConfigurationPlatforms) = postSolution
		{618DDC60-A30A-4496-B728-067B534763C6}.Debug|Any CPU.ActiveCfg = Debug|Any CPU
		{618DDC60-A30A-4496-B728-067B534763C6}.Debug|Any CPU.Build.0 = Debug|Any CPU
		{618DDC60-A30A-4496-B728-067B534763C6}.Release|Any CPU.ActiveCfg = Release|Any CPU
		{618DDC60-A30A-4496-B728-067B534763C6}.Release|Any CPU.Build.0 = Release|Any CPU
	EndGlobalSection
	GlobalSection(SolutionProperties) = preSolution
		HideSolutionNode = FALSE
	EndGlobalSection
	GlobalSection(ExtensibilityGlobals) = postSolution
		SolutionGuid = {4AD12DE1-DB91-4F9F-9F75-933925AF7D56}
	EndGlobalSection
EndGlobal
